
Microsoft Visual Studio Solution File, Format Version 12.00
# Visual Studio 15
VisualStudioVersion = 15.0.27004.2010
MinimumVisualStudioVersion = 10.0.40219.1
Project("{9A19103F-16F7-4668-BE54-9A1E7A4F7556}") = "X.Web.RSS.Tests", "tests\X.Web.RSS.Tests\X.Web.RSS.Tests.csproj", "{100A2EBB-A674-4CBB-AA97-83811397C676}"
EndProject
Project("{9A19103F-16F7-4668-BE54-9A1E7A4F7556}") = "X.Web.RSS", "src\X.Web.RSS\X.Web.RSS.csproj", "{301677B9-1586-4043-90C3-52A164230723}"
EndProject
Project("{2150E333-8FDC-42A3-9474-1A3956D46DE8}") = "src", "src", "{738DC914-F2F1-47DA-B96F-80F19ECA01C0}"
EndProject
Project("{2150E333-8FDC-42A3-9474-1A3956D46DE8}") = "tests", "tests", "{0C7B1C4A-61AE-4F43-96F8-3CD6A5774C9E}"
EndProject
Project("{FAE04EC0-301F-11D3-BF4B-00C04F79EFBC}") = "xwebrss", "src\xwebrss\xwebrss.csproj", "{C32139D5-8923-442C-8775-9D27599D82AF}"
EndProject
Global
	GlobalSection(SolutionConfigurationPlatforms) = preSolution
		Debug|Any CPU = Debug|Any CPU
		Release|Any CPU = Release|Any CPU
	EndGlobalSection
	GlobalSection(ProjectConfigurationPlatforms) = postSolution
		{100A2EBB-A674-4CBB-AA97-83811397C676}.Debug|Any CPU.ActiveCfg = Debug|Any CPU
		{100A2EBB-A674-4CBB-AA97-83811397C676}.Debug|Any CPU.Build.0 = Debug|Any CPU
		{100A2EBB-A674-4CBB-AA97-83811397C676}.Release|Any CPU.ActiveCfg = Release|Any CPU
		{100A2EBB-A674-4CBB-AA97-83811397C676}.Release|Any CPU.Build.0 = Release|Any CPU
		{301677B9-1586-4043-90C3-52A164230723}.Debug|Any CPU.ActiveCfg = Debug|Any CPU
		{301677B9-1586-4043-90C3-52A164230723}.Debug|Any CPU.Build.0 = Debug|Any CPU
		{301677B9-1586-4043-90C3-52A164230723}.Release|Any CPU.ActiveCfg = Release|Any CPU
		{301677B9-1586-4043-90C3-52A164230723}.Release|Any CPU.Build.0 = Release|Any CPU
		{C32139D5-8923-442C-8775-9D27599D82AF}.Debug|Any CPU.ActiveCfg = Debug|Any CPU
		{C32139D5-8923-442C-8775-9D27599D82AF}.Debug|Any CPU.Build.0 = Debug|Any CPU
		{C32139D5-8923-442C-8775-9D27599D82AF}.Release|Any CPU.ActiveCfg = Release|Any CPU
		{C32139D5-8923-442C-8775-9D27599D82AF}.Release|Any CPU.Build.0 = Release|Any CPU
	EndGlobalSection
	GlobalSection(SolutionProperties) = preSolution
		HideSolutionNode = FALSE
	EndGlobalSection
	GlobalSection(ExtensibilityGlobals) = postSolution
		SolutionGuid = {786AE275-FAEE-4D84-807D-90C66EBDD6B8}
	EndGlobalSection
	GlobalSection(TestCaseManagementSettings) = postSolution
		CategoryFile = cs-rss.vsmdi
	EndGlobalSection
	GlobalSection(NestedProjects) = preSolution
		{301677B9-1586-4043-90C3-52A164230723} = {738DC914-F2F1-47DA-B96F-80F19ECA01C0}
		{100A2EBB-A674-4CBB-AA97-83811397C676} = {0C7B1C4A-61AE-4F43-96F8-3CD6A5774C9E}
		{C32139D5-8923-442C-8775-9D27599D82AF} = {738DC914-F2F1-47DA-B96F-80F19ECA01C0}
	EndGlobalSection
EndGlobal
